// !$*UTF8*$!
{
	archiveVersion = 1;
	classes = {
	};
	objectVersion = 46;
	objects = {

/* Begin PBXBuildFile section */
		D5D37B8D1EB5F98B00E6DEBA /* AppDelegate.swift in Sources */ = {isa = PBXBuildFile; fileRef = D5D37B8C1EB5F98B00E6DEBA /* AppDelegate.swift */; };
		D5D37B8F1EB5F98B00E6DEBA /* MasterViewController.swift in Sources */ = {isa = PBXBuildFile; fileRef = D5D37B8E1EB5F98B00E6DEBA /* MasterViewController.swift */; };
		D5D37B911EB5F98B00E6DEBA /* DetailViewController.swift in Sources */ = {isa = PBXBuildFile; fileRef = D5D37B901EB5F98B00E6DEBA /* DetailViewController.swift */; };
		D5D37B941EB5F98B00E6DEBA /* Main.storyboard in Resources */ = {isa = PBXBuildFile; fileRef = D5D37B921EB5F98B00E6DEBA /* Main.storyboard */; };
		D5D37B961EB5F98B00E6DEBA /* Assets.xcassets in Resources */ = {isa = PBXBuildFile; fileRef = D5D37B951EB5F98B00E6DEBA /* Assets.xcassets */; };
		D5D37B991EB5F98B00E6DEBA /* LaunchScreen.storyboard in Resources */ = {isa = PBXBuildFile; fileRef = D5D37B971EB5F98B00E6DEBA /* LaunchScreen.storyboard */; };
		D5D37BF81EB91F9F00E6DEBA /* iPhone-6-wallpaper-3.jpg in Resources */ = {isa = PBXBuildFile; fileRef = D5D37BEA1EB91F9F00E6DEBA /* iPhone-6-wallpaper-3.jpg */; };
		D5D37BF91EB91FA000E6DEBA /* iPhone-6-wallpaper-5.jpg in Resources */ = {isa = PBXBuildFile; fileRef = D5D37BEB1EB91F9F00E6DEBA /* iPhone-6-wallpaper-5.jpg */; };
		D5D37BFA1EB91FA000E6DEBA /* iPhone-6-wallpaper-8.jpg in Resources */ = {isa = PBXBuildFile; fileRef = D5D37BEC1EB91F9F00E6DEBA /* iPhone-6-wallpaper-8.jpg */; };
		D5D37BFB1EB91FA000E6DEBA /* iPhone-6-wallpaper-10.jpg in Resources */ = {isa = PBXBuildFile; fileRef = D5D37BED1EB91F9F00E6DEBA /* iPhone-6-wallpaper-10.jpg */; };
		D5D37BFC1EB91FA000E6DEBA /* iPhone-6-wallpaper-11.jpg in Resources */ = {isa = PBXBuildFile; fileRef = D5D37BEE1EB91F9F00E6DEBA /* iPhone-6-wallpaper-11.jpg */; };
		D5D37BFD1EB91FA000E6DEBA /* iPhone-6-wallpaper-12.jpg in Resources */ = {isa = PBXBuildFile; fileRef = D5D37BEF1EB91F9F00E6DEBA /* iPhone-6-wallpaper-12.jpg */; };
		D5D37BFE1EB91FA000E6DEBA /* iPhone-6-wallpaper-13.jpg in Resources */ = {isa = PBXBuildFile; fileRef = D5D37BF01EB91F9F00E6DEBA /* iPhone-6-wallpaper-13.jpg */; };
		D5D37BFF1EB91FA000E6DEBA /* iPhone-6-wallpaper-17.jpg in Resources */ = {isa = PBXBuildFile; fileRef = D5D37BF11EB91F9F00E6DEBA /* iPhone-6-wallpaper-17.jpg */; };
		D5D37C031EB91FA000E6DEBA /* iPhone-6-wallpaper-23.jpg in Resources */ = {isa = PBXBuildFile; fileRef = D5D37BF51EB91F9F00E6DEBA /* iPhone-6-wallpaper-23.jpg */; };
		D5D37C041EB91FA000E6DEBA /* iPhone-6-wallpaper-24.jpg in Resources */ = {isa = PBXBuildFile; fileRef = D5D37BF61EB91F9F00E6DEBA /* iPhone-6-wallpaper-24.jpg */; };
		D5D37C051EB91FA000E6DEBA /* iPhone-6-wallpaper-25.jpg in Resources */ = {isa = PBXBuildFile; fileRef = D5D37BF71EB91F9F00E6DEBA /* iPhone-6-wallpaper-25.jpg */; };
/* End PBXBuildFile section */

/* Begin PBXFileReference section */
		D5D37B891EB5F98B00E6DEBA /* Project1.app */ = {isa = PBXFileReference; explicitFileType = wrapper.application; includeInIndex = 0; path = Project1.app; sourceTree = BUILT_PRODUCTS_DIR; };
		D5D37B8C1EB5F98B00E6DEBA /* AppDelegate.swift */ = {isa = PBXFileReference; lastKnownFileType = sourcecode.swift; path = AppDelegate.swift; sourceTree = "<group>"; };
		D5D37B8E1EB5F98B00E6DEBA /* MasterViewController.swift */ = {isa = PBXFileReference; lastKnownFileType = sourcecode.swift; path = MasterViewController.swift; sourceTree = "<group>"; };
		D5D37B901EB5F98B00E6DEBA /* DetailViewController.swift */ = {isa = PBXFileReference; lastKnownFileType = sourcecode.swift; path = DetailViewController.swift; sourceTree = "<group>"; };
		D5D37B931EB5F98B00E6DEBA /* Base */ = {isa = PBXFileReference; lastKnownFileType = file.storyboard; name = Base; path = Base.lproj/Main.storyboard; sourceTree = "<group>"; };
		D5D37B951EB5F98B00E6DEBA /* Assets.xcassets */ = {isa = PBXFileReference; lastKnownFileType = folder.assetcatalog; path = Assets.xcassets; sourceTree = "<group>"; };
		D5D37B981EB5F98B00E6DEBA /* Base */ = {isa = PBXFileReference; lastKnownFileType = file.storyboard; name = Base; path = Base.lproj/LaunchScreen.storyboard; sourceTree = "<group>"; };
		D5D37B9A1EB5F98B00E6DEBA /* Info.plist */ = {isa = PBXFileReference; lastKnownFileType = text.plist.xml; path = Info.plist; sourceTree = "<group>"; };
		D5D37BEA1EB91F9F00E6DEBA /* iPhone-6-wallpaper-3.jpg */ = {isa = PBXFileReference; lastKnownFileType = image.jpeg; path = "iPhone-6-wallpaper-3.jpg"; sourceTree = "<group>"; };
		D5D37BEB1EB91F9F00E6DEBA /* iPhone-6-wallpaper-5.jpg */ = {isa = PBXFileReference; lastKnownFileType = image.jpeg; path = "iPhone-6-wallpaper-5.jpg"; sourceTree = "<group>"; };
		D5D37BEC1EB91F9F00E6DEBA /* iPhone-6-wallpaper-8.jpg */ = {isa = PBXFileReference; lastKnownFileType = image.jpeg; path = "iPhone-6-wallpaper-8.jpg"; sourceTree = "<group>"; };
		D5D37BED1EB91F9F00E6DEBA /* iPhone-6-wallpaper-10.jpg */ = {isa = PBXFileReference; lastKnownFileType = image.jpeg; path = "iPhone-6-wallpaper-10.jpg"; sourceTree = "<group>"; };
		D5D37BEE1EB91F9F00E6DEBA /* iPhone-6-wallpaper-11.jpg */ = {isa = PBXFileReference; lastKnownFileType = image.jpeg; path = "iPhone-6-wallpaper-11.jpg"; sourceTree = "<group>"; };
		D5D37BEF1EB91F9F00E6DEBA /* iPhone-6-wallpaper-12.jpg */ = {isa = PBXFileReference; lastKnownFileType = image.jpeg; path = "iPhone-6-wallpaper-12.jpg"; sourceTree = "<group>"; };
		D5D37BF01EB91F9F00E6DEBA /* iPhone-6-wallpaper-13.jpg */ = {isa = PBXFileReference; lastKnownFileType = image.jpeg; path = "iPhone-6-wallpaper-13.jpg"; sourceTree = "<group>"; };
		D5D37BF11EB91F9F00E6DEBA /* iPhone-6-wallpaper-17.jpg */ = {isa = PBXFileReference; lastKnownFileType = image.jpeg; path = "iPhone-6-wallpaper-17.jpg"; sourceTree = "<group>"; };
		D5D37BF51EB91F9F00E6DEBA /* iPhone-6-wallpaper-23.jpg */ = {isa = PBXFileReference; lastKnownFileType = image.jpeg; path = "iPhone-6-wallpaper-23.jpg"; sourceTree = "<group>"; };
		D5D37BF61EB91F9F00E6DEBA /* iPhone-6-wallpaper-24.jpg */ = {isa = PBXFileReference; lastKnownFileType = image.jpeg; path = "iPhone-6-wallpaper-24.jpg"; sourceTree = "<group>"; };
		D5D37BF71EB91F9F00E6DEBA /* iPhone-6-wallpaper-25.jpg */ = {isa = PBXFileReference; lastKnownFileType = image.jpeg; path = "iPhone-6-wallpaper-25.jpg"; sourceTree = "<group>"; };
/* End PBXFileReference section */

/* Begin PBXFrameworksBuildPhase section */
		D5D37B861EB5F98B00E6DEBA /* Frameworks */ = {
			isa = PBXFrameworksBuildPhase;
			buildActionMask = 2147483647;
			files = (
			);
			runOnlyForDeploymentPostprocessing = 0;
		};
/* End PBXFrameworksBuildPhase section */

/* Begin PBXGroup section */
		D5D37B801EB5F98B00E6DEBA = {
			isa = PBXGroup;
			children = (
				D5D37B8B1EB5F98B00E6DEBA /* Project1 */,
				D5D37B8A1EB5F98B00E6DEBA /* Products */,
			);
			sourceTree = "<group>";
		};
		D5D37B8A1EB5F98B00E6DEBA /* Products */ = {
			isa = PBXGroup;
			children = (
				D5D37B891EB5F98B00E6DEBA /* Project1.app */,
			);
			name = Products;
			sourceTree = "<group>";
		};
		D5D37B8B1EB5F98B00E6DEBA /* Project1 */ = {
			isa = PBXGroup;
			children = (
				D5D37B8C1EB5F98B00E6DEBA /* AppDelegate.swift */,
				D5D37B8E1EB5F98B00E6DEBA /* MasterViewController.swift */,
				D5D37B901EB5F98B00E6DEBA /* DetailViewController.swift */,
				D5D37B921EB5F98B00E6DEBA /* Main.storyboard */,
				D5D37B951EB5F98B00E6DEBA /* Assets.xcassets */,
				D5D37B971EB5F98B00E6DEBA /* LaunchScreen.storyboard */,
				D5D37B9A1EB5F98B00E6DEBA /* Info.plist */,
				D5D37C061EB91FFE00E6DEBA /* Images */,
			);
			path = Project1;
			sourceTree = "<group>";
		};
		D5D37C061EB91FFE00E6DEBA /* Images */ = {
			isa = PBXGroup;
			children = (
				D5D37BEA1EB91F9F00E6DEBA /* iPhone-6-wallpaper-3.jpg */,
				D5D37BEB1EB91F9F00E6DEBA /* iPhone-6-wallpaper-5.jpg */,
				D5D37BEC1EB91F9F00E6DEBA /* iPhone-6-wallpaper-8.jpg */,
				D5D37BED1EB91F9F00E6DEBA /* iPhone-6-wallpaper-10.jpg */,
				D5D37BEE1EB91F9F00E6DEBA /* iPhone-6-wallpaper-11.jpg */,
				D5D37BEF1EB91F9F00E6DEBA /* iPhone-6-wallpaper-12.jpg */,
				D5D37BF01EB91F9F00E6DEBA /* iPhone-6-wallpaper-13.jpg */,
				D5D37BF11EB91F9F00E6DEBA /* iPhone-6-wallpaper-17.jpg */,
				D5D37BF51EB91F9F00E6DEBA /* iPhone-6-wallpaper-23.jpg */,
				D5D37BF61EB91F9F00E6DEBA /* iPhone-6-wallpaper-24.jpg */,
				D5D37BF71EB91F9F00E6DEBA /* iPhone-6-wallpaper-25.jpg */,
			);
			name = Images;
			sourceTree = "<group>";
		};
/* End PBXGroup section */

/* Begin PBXNativeTarget section */
		D5D37B881EB5F98B00E6DEBA /* Project1 */ = {
			isa = PBXNativeTarget;
			buildConfigurationList = D5D37B9D1EB5F98B00E6DEBA /* Build configuration list for PBXNativeTarget "Project1" */;
			buildPhases = (
				D5D37B851EB5F98B00E6DEBA /* Sources */,
				D5D37B861EB5F98B00E6DEBA /* Frameworks */,
				D5D37B871EB5F98B00E6DEBA /* Resources */,
			);
			buildRules = (
			);
			dependencies = (
			);
			name = Project1;
			productName = Project1;
			productReference = D5D37B891EB5F98B00E6DEBA /* Project1.app */;
			productType = "com.apple.product-type.application";
		};
/* End PBXNativeTarget section */

/* Begin PBXProject section */
		D5D37B811EB5F98B00E6DEBA /* Project object */ = {
			isa = PBXProject;
			attributes = {
				LastSwiftUpdateCheck = 0830;
				LastUpgradeCheck = 0830;
				ORGANIZATIONNAME = "Radio Shaolin";
				TargetAttributes = {
					D5D37B881EB5F98B00E6DEBA = {
						CreatedOnToolsVersion = 8.3.2;
						DevelopmentTeam = Q6RM6JE6L9;
						ProvisioningStyle = Automatic;
					};
				};
			};
			buildConfigurationList = D5D37B841EB5F98B00E6DEBA /* Build configuration list for PBXProject "Project1" */;
			compatibilityVersion = "Xcode 3.2";
			developmentRegion = English;
			hasScannedForEncodings = 0;
			knownRegions = (
				en,
				Base,
			);
			mainGroup = D5D37B801EB5F98B00E6DEBA;
			productRefGroup = D5D37B8A1EB5F98B00E6DEBA /* Products */;
			projectDirPath = "";
			projectRoot = "";
			targets = (
				D5D37B881EB5F98B00E6DEBA /* Project1 */,
			);
		};
/* End PBXProject section */

/* Begin PBXResourcesBuildPhase section */
		D5D37B871EB5F98B00E6DEBA /* Resources */ = {
			isa = PBXResourcesBuildPhase;
			buildActionMask = 2147483647;
			files = (
				D5D37BFC1EB91FA000E6DEBA /* iPhone-6-wallpaper-11.jpg in Resources */,
				D5D37BFB1EB91FA000E6DEBA /* iPhone-6-wallpaper-10.jpg in Resources */,
				D5D37BFE1EB91FA000E6DEBA /* iPhone-6-wallpaper-13.jpg in Resources */,
				D5D37C031EB91FA000E6DEBA /* iPhone-6-wallpaper-23.jpg in Resources */,
				D5D37B991EB5F98B00E6DEBA /* LaunchScreen.storyboard in Resources */,
				D5D37BFA1EB91FA000E6DEBA /* iPhone-6-wallpaper-8.jpg in Resources */,
				D5D37BFF1EB91FA000E6DEBA /* iPhone-6-wallpaper-17.jpg in Resources */,
				D5D37C051EB91FA000E6DEBA /* iPhone-6-wallpaper-25.jpg in Resources */,
				D5D37C041EB91FA000E6DEBA /* iPhone-6-wallpaper-24.jpg in Resources */,
				D5D37B961EB5F98B00E6DEBA /* Assets.xcassets in Resources */,
				D5D37BFD1EB91FA000E6DEBA /* iPhone-6-wallpaper-12.jpg in Resources */,
				D5D37BF91EB91FA000E6DEBA /* iPhone-6-wallpaper-5.jpg in Resources */,
				D5D37B941EB5F98B00E6DEBA /* Main.storyboard in Resources */,
				D5D37BF81EB91F9F00E6DEBA /* iPhone-6-wallpaper-3.jpg in Resources */,
			);
			runOnlyForDeploymentPostprocessing = 0;
		};
/* End PBXResourcesBuildPhase section */

/* Begin PBXSourcesBuildPhase section */
		D5D37B851EB5F98B00E6DEBA /* Sources */ = {
			isa = PBXSourcesBuildPhase;
			buildActionMask = 2147483647;
			files = (
				D5D37B911EB5F98B00E6DEBA /* DetailViewController.swift in Sources */,
				D5D37B8F1EB5F98B00E6DEBA /* MasterViewController.swift in Sources */,
				D5D37B8D1EB5F98B00E6DEBA /* AppDelegate.swift in Sources */,
			);
			runOnlyForDeploymentPostprocessing = 0;
		};
/* End PBXSourcesBuildPhase section */

/* Begin PBXVariantGroup section */
		D5D37B921EB5F98B00E6DEBA /* Main.storyboard */ = {
			isa = PBXVariantGroup;
			children = (
				D5D37B931EB5F98B00E6DEBA /* Base */,
			);
			name = Main.storyboard;
			sourceTree = "<group>";
		};
		D5D37B971EB5F98B00E6DEBA /* LaunchScreen.storyboard */ = {
			isa = PBXVariantGroup;
			children = (
				D5D37B981EB5F98B00E6DEBA /* Base */,
			);
			name = LaunchScreen.storyboard;
			sourceTree = "<group>";
		};
/* End PBXVariantGroup section */

/* Begin XCBuildConfiguration section */
		D5D37B9B1EB5F98B00E6DEBA /* Debug */ = {
			isa = XCBuildConfiguration;
			buildSettings = {
				ALWAYS_SEARCH_USER_PATHS = NO;
				CLANG_ANALYZER_NONNULL = YES;
				CLANG_ANALYZER_NUMBER_OBJECT_CONVERSION = YES_AGGRESSIVE;
				CLANG_CXX_LANGUAGE_STANDARD = "gnu++0x";
				CLANG_CXX_LIBRARY = "libc++";
				CLANG_ENABLE_MODULES = YES;
				CLANG_ENABLE_OBJC_ARC = YES;
				CLANG_WARN_BOOL_CONVERSION = YES;
				CLANG_WARN_CONSTANT_CONVERSION = YES;
				CLANG_WARN_DIRECT_OBJC_ISA_USAGE = YES_ERROR;
				CLANG_WARN_DOCUMENTATION_COMMENTS = YES;
				CLANG_WARN_EMPTY_BODY = YES;
				CLANG_WARN_ENUM_CONVERSION = YES;
				CLANG_WARN_INFINITE_RECURSION = YES;
				CLANG_WARN_INT_CONVERSION = YES;
				CLANG_WARN_OBJC_ROOT_CLASS = YES_ERROR;
				CLANG_WARN_SUSPICIOUS_MOVE = YES;
				CLANG_WARN_UNREACHABLE_CODE = YES;
				CLANG_WARN__DUPLICATE_METHOD_MATCH = YES;
				"CODE_SIGN_IDENTITY[sdk=iphoneos*]" = "iPhone Developer";
				COPY_PHASE_STRIP = NO;
				DEBUG_INFORMATION_FORMAT = dwarf;
				ENABLE_STRICT_OBJC_MSGSEND = YES;
				ENABLE_TESTABILITY = YES;
				GCC_C_LANGUAGE_STANDARD = gnu99;
				GCC_DYNAMIC_NO_PIC = NO;
				GCC_NO_COMMON_BLOCKS = YES;
				GCC_OPTIMIZATION_LEVEL = 0;
				GCC_PREPROCESSOR_DEFINITIONS = (
					"DEBUG=1",
					"$(inherited)",
				);
				GCC_WARN_64_TO_32_BIT_CONVERSION = YES;
				GCC_WARN_ABOUT_RETURN_TYPE = YES_ERROR;
				GCC_WARN_UNDECLARED_SELECTOR = YES;
				GCC_WARN_UNINITIALIZED_AUTOS = YES_AGGRESSIVE;
				GCC_WARN_UNUSED_FUNCTION = YES;
				GCC_WARN_UNUSED_VARIABLE = YES;
				IPHONEOS_DEPLOYMENT_TARGET = 10.3;
				MTL_ENABLE_DEBUG_INFO = YES;
				ONLY_ACTIVE_ARCH = YES;
				SDKROOT = iphoneos;
				SWIFT_ACTIVE_COMPILATION_CONDITIONS = DEBUG;
				SWIFT_OPTIMIZATION_LEVEL = "-Onone";
			};
			name = Debug;
		};
		D5D37B9C1EB5F98B00E6DEBA /* Release */ = {
			isa = XCBuildConfiguration;
			buildSettings = {
				ALWAYS_SEARCH_USER_PATHS = NO;
				CLANG_ANALYZER_NONNULL = YES;
				CLANG_ANALYZER_NUMBER_OBJECT_CONVERSION = YES_AGGRESSIVE;
				CLANG_CXX_LANGUAGE_STANDARD = "gnu++0x";
				CLANG_CXX_LIBRARY = "libc++";
				CLANG_ENABLE_MODULES = YES;
				CLANG_ENABLE_OBJC_ARC = YES;
				CLANG_WARN_BOOL_CONVERSION = YES;
				CLANG_WARN_CONSTANT_CONVERSION = YES;
				CLANG_WARN_DIRECT_OBJC_ISA_USAGE = YES_ERROR;
				CLANG_WARN_DOCUMENTATION_COMMENTS = YES;
				CLANG_WARN_EMPTY_BODY = YES;
				CLANG_WARN_ENUM_CONVERSION = YES;
				CLANG_WARN_INFINITE_RECURSION = YES;
				CLANG_WARN_INT_CONVERSION = YES;
				CLANG_WARN_OBJC_ROOT_CLASS = YES_ERROR;
				CLANG_WARN_SUSPICIOUS_MOVE = YES;
				CLANG_WARN_UNREACHABLE_CODE = YES;
				CLANG_WARN__DUPLICATE_METHOD_MATCH = YES;
				"CODE_SIGN_IDENTITY[sdk=iphoneos*]" = "iPhone Developer";
				COPY_PHASE_STRIP = NO;
				DEBUG_INFORMATION_FORMAT = "dwarf-with-dsym";
				ENABLE_NS_ASSERTIONS = NO;
				ENABLE_STRICT_OBJC_MSGSEND = YES;
				GCC_C_LANGUAGE_STANDARD = gnu99;
				GCC_NO_COMMON_BLOCKS = YES;
				GCC_WARN_64_TO_32_BIT_CONVERSION = YES;
				GCC_WARN_ABOUT_RETURN_TYPE = YES_ERROR;
				GCC_WARN_UNDECLARED_SELECTOR = YES;
				GCC_WARN_UNINITIALIZED_AUTOS = YES_AGGRESSIVE;
				GCC_WARN_UNUSED_FUNCTION = YES;
				GCC_WARN_UNUSED_VARIABLE = YES;
				IPHONEOS_DEPLOYMENT_TARGET = 10.3;
				MTL_ENABLE_DEBUG_INFO = NO;
				SDKROOT = iphoneos;
				SWIFT_OPTIMIZATION_LEVEL = "-Owholemodule";
				VALIDATE_PRODUCT = YES;
			};
			name = Release;
		};
		D5D37B9E1EB5F98B00E6DEBA /* Debug */ = {
			isa = XCBuildConfiguration;
			buildSettings = {
				ASSETCATALOG_COMPILER_APPICON_NAME = AppIcon;
				DEVELOPMENT_TEAM = Q6RM6JE6L9;
				INFOPLIST_FILE = Project1/Info.plist;
				LD_RUNPATH_SEARCH_PATHS = "$(inherited) @executable_path/Frameworks";
				PRODUCT_BUNDLE_IDENTIFIER = com.radioshaolin.Project1;
				PRODUCT_NAME = "$(TARGET_NAME)";
				SWIFT_VERSION = 3.0;
			};
			name = Debug;
		};
		D5D37B9F1EB5F98B00E6DEBA /* Release */ = {
			isa = XCBuildConfiguration;
			buildSettings = {
				ASSETCATALOG_COMPILER_APPICON_NAME = AppIcon;
				DEVELOPMENT_TEAM = Q6RM6JE6L9;
				INFOPLIST_FILE = Project1/Info.plist;
				LD_RUNPATH_SEARCH_PATHS = "$(inherited) @executable_path/Frameworks";
				PRODUCT_BUNDLE_IDENTIFIER = com.radioshaolin.Project1;
				PRODUCT_NAME = "$(TARGET_NAME)";
				SWIFT_VERSION = 3.0;
			};
			name = Release;
		};
/* End XCBuildConfiguration section */

/* Begin XCConfigurationList section */
		D5D37B841EB5F98B00E6DEBA /* Build configuration list for PBXProject "Project1" */ = {
			isa = XCConfigurationList;
			buildConfigurations = (
				D5D37B9B1EB5F98B00E6DEBA /* Debug */,
				D5D37B9C1EB5F98B00E6DEBA /* Release */,
			);
			defaultConfigurationIsVisible = 0;
			defaultConfigurationName = Release;
		};
		D5D37B9D1EB5F98B00E6DEBA /* Build configuration list for PBXNativeTarget "Project1" */ = {
			isa = XCConfigurationList;
			buildConfigurations = (
				D5D37B9E1EB5F98B00E6DEBA /* Debug */,
				D5D37B9F1EB5F98B00E6DEBA /* Release */,
			);
			defaultConfigurationIsVisible = 0;
		};
/* End XCConfigurationList section */
	};
	rootObject = D5D37B811EB5F98B00E6DEBA /* Project object */;
}
